
Microsoft Visual Studio Solution File, Format Version 12.00
# Visual Studio Version 17
VisualStudioVersion = 17.11.35303.130
MinimumVisualStudioVersion = 10.0.40219.1
Project("{FAE04EC0-301F-11D3-BF4B-00C04F79EFBC}") = "EnableSSHInstaller", "EnableSSHInstaller\EnableSSHInstaller.csproj", "{19D04988-8E28-47DE-85B1-0463545279AE}"
EndProject
Global
	GlobalSection(SolutionConfigurationPlatforms) = preSolution
		Debug|Any CPU = Debug|Any CPU
		Release|Any CPU = Release|Any CPU
	EndGlobalSection
	GlobalSection(ProjectConfigurationPlatforms) = postSolution
		{19D04988-8E28-47DE-85B1-0463545279AE}.Debug|Any CPU.ActiveCfg = Debug|Any CPU
		{19D04988-8E28-47DE-85B1-0463545279AE}.Debug|Any CPU.Build.0 = Debug|Any CPU
		{19D04988-8E28-47DE-85B1-0463545279AE}.Release|Any CPU.ActiveCfg = Release|Any CPU
		{19D04988-8E28-47DE-85B1-0463545279AE}.Release|Any CPU.Build.0 = Release|Any CPU
	EndGlobalSection
	GlobalSection(SolutionProperties) = preSolution
		HideSolutionNode = FALSE
	EndGlobalSection
	GlobalSection(ExtensibilityGlobals) = postSolution
		SolutionGuid = {86E8D2EC-F19E-4EF8-B30D-23C6613FAE1A}
	EndGlobalSection
EndGlobal
